
Microsoft Visual Studio Solution File, Format Version 12.00
# Visual Studio Version 17
VisualStudioVersion = 17.11.35222.181
MinimumVisualStudioVersion = 10.0.40219.1
Project("{9A19103F-16F7-4668-BE54-9A1E7A4F7556}") = "FirstWebApi", "FirstWebApi\FirstWebApi.csproj", "{DDAC1031-3415-4C0B-9D0E-0A1D226E8F70}"
EndProject
Project("{9A19103F-16F7-4668-BE54-9A1E7A4F7556}") = "001_RoutingExplain", "001_RoutingExplain\001_RoutingExplain.csproj", "{41C20A46-2BA6-466C-816E-1200687E11EE}"
EndProject
Project("{9A19103F-16F7-4668-BE54-9A1E7A4F7556}") = "001_DomainDtoExplain", "001_DomainDtoExplain\001_DomainDtoExplain.csproj", "{78359AD1-6E8C-4972-831A-B56C0EFDA5C0}"
EndProject
Project("{9A19103F-16F7-4668-BE54-9A1E7A4F7556}") = "001_EFCoreWithDbConnection", "001_EFCoreWithDbConnection\001_EFCoreWithDbConnection.csproj", "{02CEF4A0-E3E8-4D2B-AA09-91537DE26D85}"
EndProject
Project("{9A19103F-16F7-4668-BE54-9A1E7A4F7556}") = "ContentNegotiation", "ContentNegotiationDemo-dotent_6\ContentNegotiation\ContentNegotiation.csproj", "{0ADCD5EB-150B-4358-BDF9-AB3BFB34239D}"
EndProject
Project("{9A19103F-16F7-4668-BE54-9A1E7A4F7556}") = "StructuredLogging.WebApi", "001-structured-logging-with-serilog-in-aspnet-core\StructuredLogging.WebApi\StructuredLogging.WebApi.csproj", "{EB2247B4-2017-49DA-9295-948DB81D3712}"
EndProject
Project("{9A19103F-16F7-4668-BE54-9A1E7A4F7556}") = "GlobalExceptionHandling", "002-global-exception-handling-in-aspnet-core\GlobalExceptionHandling\GlobalExceptionHandling.csproj", "{F88B335F-A2EE-470C-878A-C766636F3957}"
EndProject
Project("{9A19103F-16F7-4668-BE54-9A1E7A4F7556}") = "FluentValidations.NET8", "003-fluentvalidation-in-aspnet-core\FluentValidations.NET8\FluentValidations.NET8.csproj", "{23DCC12C-CF5E-4AAD-A7BB-141CA7523CF0}"
EndProject
Project("{9A19103F-16F7-4668-BE54-9A1E7A4F7556}") = "CQRSMediatR", "004-cqrs-and-mediatr-in-aspnet-core\CQRSMediatR\CQRSMediatR.csproj", "{147AB4BE-D2FE-43F2-99E1-AD9347CD9CCB}"
EndProject
Project("{9A19103F-16F7-4668-BE54-9A1E7A4F7556}") = "MediatRPipelineFluentValidation", "005-validation-with-mediatr-pipeline-behavior-and-fluentvalidation\MediatRPipelineFluentValidation\MediatRPipelineFluentValidation.csproj", "{4897DF8D-11A2-4674-AAF2-2034A88FB973}"
EndProject
Project("{9A19103F-16F7-4668-BE54-9A1E7A4F7556}") = "InMemoryCaching", "006-in-memory-caching-in-aspnet-core\InMemoryCaching\InMemoryCaching.csproj", "{58723069-BB98-47E8-BCE3-96BC4F4FDC65}"
EndProject
Project("{9A19103F-16F7-4668-BE54-9A1E7A4F7556}") = "DistributedCaching", "007-distributed-caching-in-aspnet-core-with-redis\DistributedCaching\DistributedCaching.csproj", "{5BFEE073-7A05-49EB-924B-44C007493959}"
EndProject
Project("{9A19103F-16F7-4668-BE54-9A1E7A4F7556}") = "ResponseCaching", "008-response-caching-with-mediatr-in-aspnet-core\ResponseCaching\ResponseCaching.csproj", "{AC93FFA5-CD3E-47C2-A7D3-65B1D37D065D}"
EndProject
Project("{9A19103F-16F7-4668-BE54-9A1E7A4F7556}") = "DockerEssentials", "009-docker-essentials-for-dotnet-developers\DockerEssentials\DockerEssentials.csproj", "{8C3645DA-02FC-4D67-9D79-A634E228933F}"
EndProject
Project("{9A19103F-16F7-4668-BE54-9A1E7A4F7556}") = "001_WebApplicationBuilder", "001_WebApplicationBuilder\001_WebApplicationBuilder.csproj", "{34D7AFC2-4F34-480D-97DD-E84DFAC1F60E}"
EndProject
Project("{9A19103F-16F7-4668-BE54-9A1E7A4F7556}") = "001_WebApplication", "001_WebApplication\001_WebApplication.csproj", "{4068C2C8-8C38-4E0E-969C-14DF26A74CCF}"
EndProject
Project("{9A19103F-16F7-4668-BE54-9A1E7A4F7556}") = "001_Middleware", "001_Middleware\001_Middleware.csproj", "{370E9721-72B1-461F-B75E-E853A9556EFB}"
EndProject
Project("{9A19103F-16F7-4668-BE54-9A1E7A4F7556}") = "002_Middleware", "002_Middleware\002_Middleware.csproj", "{CA889375-82A7-4B0A-B7F2-7E56981C641B}"
EndProject
Project("{FAE04EC0-301F-11D3-BF4B-00C04F79EFBC}") = "CourceManagement", "CourceManagement\CourceManagement.csproj", "{2344A91D-57BF-42CD-8308-D89B5303A4C0}"
EndProject
Project("{FAE04EC0-301F-11D3-BF4B-00C04F79EFBC}") = "AuthExample", "AuthExample\AuthExample.csproj", "{9ACDED56-478C-47B1-8B82-4C4F5E8E0AA3}"
EndProject
Project("{FAE04EC0-301F-11D3-BF4B-00C04F79EFBC}") = "RedisExplain", "RedisExplain\RedisExplain.csproj", "{680B9C3E-D8E9-4A91-8793-66C2C6F9D258}"
EndProject
Project("{FAE04EC0-301F-11D3-BF4B-00C04F79EFBC}") = "CachingAbstractionsinASP", "CachingAbstractionsinASP\CachingAbstractionsinASP.csproj", "{1022BC8D-F1DC-4846-8037-34CCDB42366F}"
EndProject
Global
	GlobalSection(SolutionConfigurationPlatforms) = preSolution
		Debug|Any CPU = Debug|Any CPU
		Release|Any CPU = Release|Any CPU
	EndGlobalSection
	GlobalSection(ProjectConfigurationPlatforms) = postSolution
		{DDAC1031-3415-4C0B-9D0E-0A1D226E8F70}.Debug|Any CPU.ActiveCfg = Debug|Any CPU
		{DDAC1031-3415-4C0B-9D0E-0A1D226E8F70}.Debug|Any CPU.Build.0 = Debug|Any CPU
		{DDAC1031-3415-4C0B-9D0E-0A1D226E8F70}.Release|Any CPU.ActiveCfg = Release|Any CPU
		{DDAC1031-3415-4C0B-9D0E-0A1D226E8F70}.Release|Any CPU.Build.0 = Release|Any CPU
		{41C20A46-2BA6-466C-816E-1200687E11EE}.Debug|Any CPU.ActiveCfg = Debug|Any CPU
		{41C20A46-2BA6-466C-816E-1200687E11EE}.Debug|Any CPU.Build.0 = Debug|Any CPU
		{41C20A46-2BA6-466C-816E-1200687E11EE}.Release|Any CPU.ActiveCfg = Release|Any CPU
		{41C20A46-2BA6-466C-816E-1200687E11EE}.Release|Any CPU.Build.0 = Release|Any CPU
		{78359AD1-6E8C-4972-831A-B56C0EFDA5C0}.Debug|Any CPU.ActiveCfg = Debug|Any CPU
		{78359AD1-6E8C-4972-831A-B56C0EFDA5C0}.Debug|Any CPU.Build.0 = Debug|Any CPU
		{78359AD1-6E8C-4972-831A-B56C0EFDA5C0}.Release|Any CPU.ActiveCfg = Release|Any CPU
		{78359AD1-6E8C-4972-831A-B56C0EFDA5C0}.Release|Any CPU.Build.0 = Release|Any CPU
		{02CEF4A0-E3E8-4D2B-AA09-91537DE26D85}.Debug|Any CPU.ActiveCfg = Debug|Any CPU
		{02CEF4A0-E3E8-4D2B-AA09-91537DE26D85}.Debug|Any CPU.Build.0 = Debug|Any CPU
		{02CEF4A0-E3E8-4D2B-AA09-91537DE26D85}.Release|Any CPU.ActiveCfg = Release|Any CPU
		{02CEF4A0-E3E8-4D2B-AA09-91537DE26D85}.Release|Any CPU.Build.0 = Release|Any CPU
		{0ADCD5EB-150B-4358-BDF9-AB3BFB34239D}.Debug|Any CPU.ActiveCfg = Debug|Any CPU
		{0ADCD5EB-150B-4358-BDF9-AB3BFB34239D}.Debug|Any CPU.Build.0 = Debug|Any CPU
		{0ADCD5EB-150B-4358-BDF9-AB3BFB34239D}.Release|Any CPU.ActiveCfg = Release|Any CPU
		{0ADCD5EB-150B-4358-BDF9-AB3BFB34239D}.Release|Any CPU.Build.0 = Release|Any CPU
		{EB2247B4-2017-49DA-9295-948DB81D3712}.Debug|Any CPU.ActiveCfg = Debug|Any CPU
		{EB2247B4-2017-49DA-9295-948DB81D3712}.Debug|Any CPU.Build.0 = Debug|Any CPU
		{EB2247B4-2017-49DA-9295-948DB81D3712}.Release|Any CPU.ActiveCfg = Release|Any CPU
		{EB2247B4-2017-49DA-9295-948DB81D3712}.Release|Any CPU.Build.0 = Release|Any CPU
		{F88B335F-A2EE-470C-878A-C766636F3957}.Debug|Any CPU.ActiveCfg = Debug|Any CPU
		{F88B335F-A2EE-470C-878A-C766636F3957}.Debug|Any CPU.Build.0 = Debug|Any CPU
		{F88B335F-A2EE-470C-878A-C766636F3957}.Release|Any CPU.ActiveCfg = Release|Any CPU
		{F88B335F-A2EE-470C-878A-C766636F3957}.Release|Any CPU.Build.0 = Release|Any CPU
		{23DCC12C-CF5E-4AAD-A7BB-141CA7523CF0}.Debug|Any CPU.ActiveCfg = Debug|Any CPU
		{23DCC12C-CF5E-4AAD-A7BB-141CA7523CF0}.Debug|Any CPU.Build.0 = Debug|Any CPU
		{23DCC12C-CF5E-4AAD-A7BB-141CA7523CF0}.Release|Any CPU.ActiveCfg = Release|Any CPU
		{23DCC12C-CF5E-4AAD-A7BB-141CA7523CF0}.Release|Any CPU.Build.0 = Release|Any CPU
		{147AB4BE-D2FE-43F2-99E1-AD9347CD9CCB}.Debug|Any CPU.ActiveCfg = Debug|Any CPU
		{147AB4BE-D2FE-43F2-99E1-AD9347CD9CCB}.Debug|Any CPU.Build.0 = Debug|Any CPU
		{147AB4BE-D2FE-43F2-99E1-AD9347CD9CCB}.Release|Any CPU.ActiveCfg = Release|Any CPU
		{147AB4BE-D2FE-43F2-99E1-AD9347CD9CCB}.Release|Any CPU.Build.0 = Release|Any CPU
		{4897DF8D-11A2-4674-AAF2-2034A88FB973}.Debug|Any CPU.ActiveCfg = Debug|Any CPU
		{4897DF8D-11A2-4674-AAF2-2034A88FB973}.Debug|Any CPU.Build.0 = Debug|Any CPU
		{4897DF8D-11A2-4674-AAF2-2034A88FB973}.Release|Any CPU.ActiveCfg = Release|Any CPU
		{4897DF8D-11A2-4674-AAF2-2034A88FB973}.Release|Any CPU.Build.0 = Release|Any CPU
		{58723069-BB98-47E8-BCE3-96BC4F4FDC65}.Debug|Any CPU.ActiveCfg = Debug|Any CPU
		{58723069-BB98-47E8-BCE3-96BC4F4FDC65}.Debug|Any CPU.Build.0 = Debug|Any CPU
		{58723069-BB98-47E8-BCE3-96BC4F4FDC65}.Release|Any CPU.ActiveCfg = Release|Any CPU
		{58723069-BB98-47E8-BCE3-96BC4F4FDC65}.Release|Any CPU.Build.0 = Release|Any CPU
		{5BFEE073-7A05-49EB-924B-44C007493959}.Debug|Any CPU.ActiveCfg = Debug|Any CPU
		{5BFEE073-7A05-49EB-924B-44C007493959}.Debug|Any CPU.Build.0 = Debug|Any CPU
		{5BFEE073-7A05-49EB-924B-44C007493959}.Release|Any CPU.ActiveCfg = Release|Any CPU
		{5BFEE073-7A05-49EB-924B-44C007493959}.Release|Any CPU.Build.0 = Release|Any CPU
		{AC93FFA5-CD3E-47C2-A7D3-65B1D37D065D}.Debug|Any CPU.ActiveCfg = Debug|Any CPU
		{AC93FFA5-CD3E-47C2-A7D3-65B1D37D065D}.Debug|Any CPU.Build.0 = Debug|Any CPU
		{AC93FFA5-CD3E-47C2-A7D3-65B1D37D065D}.Release|Any CPU.ActiveCfg = Release|Any CPU
		{AC93FFA5-CD3E-47C2-A7D3-65B1D37D065D}.Release|Any CPU.Build.0 = Release|Any CPU
		{8C3645DA-02FC-4D67-9D79-A634E228933F}.Debug|Any CPU.ActiveCfg = Debug|Any CPU
		{8C3645DA-02FC-4D67-9D79-A634E228933F}.Debug|Any CPU.Build.0 = Debug|Any CPU
		{8C3645DA-02FC-4D67-9D79-A634E228933F}.Release|Any CPU.ActiveCfg = Release|Any CPU
		{8C3645DA-02FC-4D67-9D79-A634E228933F}.Release|Any CPU.Build.0 = Release|Any CPU
		{34D7AFC2-4F34-480D-97DD-E84DFAC1F60E}.Debug|Any CPU.ActiveCfg = Debug|Any CPU
		{34D7AFC2-4F34-480D-97DD-E84DFAC1F60E}.Debug|Any CPU.Build.0 = Debug|Any CPU
		{34D7AFC2-4F34-480D-97DD-E84DFAC1F60E}.Release|Any CPU.ActiveCfg = Release|Any CPU
		{34D7AFC2-4F34-480D-97DD-E84DFAC1F60E}.Release|Any CPU.Build.0 = Release|Any CPU
		{4068C2C8-8C38-4E0E-969C-14DF26A74CCF}.Debug|Any CPU.ActiveCfg = Debug|Any CPU
		{4068C2C8-8C38-4E0E-969C-14DF26A74CCF}.Debug|Any CPU.Build.0 = Debug|Any CPU
		{4068C2C8-8C38-4E0E-969C-14DF26A74CCF}.Release|Any CPU.ActiveCfg = Release|Any CPU
		{4068C2C8-8C38-4E0E-969C-14DF26A74CCF}.Release|Any CPU.Build.0 = Release|Any CPU
		{370E9721-72B1-461F-B75E-E853A9556EFB}.Debug|Any CPU.ActiveCfg = Debug|Any CPU
		{370E9721-72B1-461F-B75E-E853A9556EFB}.Debug|Any CPU.Build.0 = Debug|Any CPU
		{370E9721-72B1-461F-B75E-E853A9556EFB}.Release|Any CPU.ActiveCfg = Release|Any CPU
		{370E9721-72B1-461F-B75E-E853A9556EFB}.Release|Any CPU.Build.0 = Release|Any CPU
		{CA889375-82A7-4B0A-B7F2-7E56981C641B}.Debug|Any CPU.ActiveCfg = Debug|Any CPU
		{CA889375-82A7-4B0A-B7F2-7E56981C641B}.Debug|Any CPU.Build.0 = Debug|Any CPU
		{CA889375-82A7-4B0A-B7F2-7E56981C641B}.Release|Any CPU.ActiveCfg = Release|Any CPU
		{CA889375-82A7-4B0A-B7F2-7E56981C641B}.Release|Any CPU.Build.0 = Release|Any CPU
		{2344A91D-57BF-42CD-8308-D89B5303A4C0}.Debug|Any CPU.ActiveCfg = Debug|Any CPU
		{2344A91D-57BF-42CD-8308-D89B5303A4C0}.Debug|Any CPU.Build.0 = Debug|Any CPU
		{2344A91D-57BF-42CD-8308-D89B5303A4C0}.Release|Any CPU.ActiveCfg = Release|Any CPU
		{2344A91D-57BF-42CD-8308-D89B5303A4C0}.Release|Any CPU.Build.0 = Release|Any CPU
		{9ACDED56-478C-47B1-8B82-4C4F5E8E0AA3}.Debug|Any CPU.ActiveCfg = Debug|Any CPU
		{9ACDED56-478C-47B1-8B82-4C4F5E8E0AA3}.Debug|Any CPU.Build.0 = Debug|Any CPU
		{9ACDED56-478C-47B1-8B82-4C4F5E8E0AA3}.Release|Any CPU.ActiveCfg = Release|Any CPU
		{9ACDED56-478C-47B1-8B82-4C4F5E8E0AA3}.Release|Any CPU.Build.0 = Release|Any CPU
		{680B9C3E-D8E9-4A91-8793-66C2C6F9D258}.Debug|Any CPU.ActiveCfg = Debug|Any CPU
		{680B9C3E-D8E9-4A91-8793-66C2C6F9D258}.Debug|Any CPU.Build.0 = Debug|Any CPU
		{680B9C3E-D8E9-4A91-8793-66C2C6F9D258}.Release|Any CPU.ActiveCfg = Release|Any CPU
		{680B9C3E-D8E9-4A91-8793-66C2C6F9D258}.Release|Any CPU.Build.0 = Release|Any CPU
		{1022BC8D-F1DC-4846-8037-34CCDB42366F}.Debug|Any CPU.ActiveCfg = Debug|Any CPU
		{1022BC8D-F1DC-4846-8037-34CCDB42366F}.Debug|Any CPU.Build.0 = Debug|Any CPU
		{1022BC8D-F1DC-4846-8037-34CCDB42366F}.Release|Any CPU.ActiveCfg = Release|Any CPU
		{1022BC8D-F1DC-4846-8037-34CCDB42366F}.Release|Any CPU.Build.0 = Release|Any CPU
	EndGlobalSection
	GlobalSection(SolutionProperties) = preSolution
		HideSolutionNode = FALSE
	EndGlobalSection
	GlobalSection(ExtensibilityGlobals) = postSolution
		SolutionGuid = {25EC501E-C932-4A07-9284-ABE10A3BBC11}
	EndGlobalSection
EndGlobal
